// !$*UTF8*$!
{
	archiveVersion = 1;
	classes = {
	};
	objectVersion = 77;
	objects = {

/* Begin PBXContainerItemProxy section */
		3E41DBB22D8C745D00A48E5D /* PBXContainerItemProxy */ = {
			isa = PBXContainerItemProxy;
			containerPortal = 3E41DB932D8C745C00A48E5D /* Project object */;
			proxyType = 1;
			remoteGlobalIDString = 3E41DB9A2D8C745C00A48E5D;
			remoteInfo = discountAppMVC;
		};
		3E41DBBC2D8C745D00A48E5D /* PBXContainerItemProxy */ = {
			isa = PBXContainerItemProxy;
			containerPortal = 3E41DB932D8C745C00A48E5D /* Project object */;
			proxyType = 1;
			remoteGlobalIDString = 3E41DB9A2D8C745C00A48E5D;
			remoteInfo = discountAppMVC;
		};
/* End PBXContainerItemProxy section */

/* Begin PBXFileReference section */
		3E41DB9B2D8C745C00A48E5D /* discountAppMVC.app */ = {isa = PBXFileReference; explicitFileType = wrapper.application; includeInIndex = 0; path = discountAppMVC.app; sourceTree = BUILT_PRODUCTS_DIR; };
		3E41DBB12D8C745D00A48E5D /* discountAppMVCTests.xctest */ = {isa = PBXFileReference; explicitFileType = wrapper.cfbundle; includeInIndex = 0; path = discountAppMVCTests.xctest; sourceTree = BUILT_PRODUCTS_DIR; };
		3E41DBBB2D8C745D00A48E5D /* discountAppMVCUITests.xctest */ = {isa = PBXFileReference; explicitFileType = wrapper.cfbundle; includeInIndex = 0; path = discountAppMVCUITests.xctest; sourceTree = BUILT_PRODUCTS_DIR; };
/* End PBXFileReference section */

/* Begin PBXFileSystemSynchronizedBuildFileExceptionSet section */
		3E41DBC32D8C745D00A48E5D /* Exceptions for "discountAppMVC" folder in "discountAppMVC" target */ = {
			isa = PBXFileSystemSynchronizedBuildFileExceptionSet;
			membershipExceptions = (
				Info.plist,
			);
			target = 3E41DB9A2D8C745C00A48E5D /* discountAppMVC */;
		};
/* End PBXFileSystemSynchronizedBuildFileExceptionSet section */

/* Begin PBXFileSystemSynchronizedRootGroup section */
		3E41DB9D2D8C745C00A48E5D /* discountAppMVC */ = {
			isa = PBXFileSystemSynchronizedRootGroup;
			exceptions = (
				3E41DBC32D8C745D00A48E5D /* Exceptions for "discountAppMVC" folder in "discountAppMVC" target */,
			);
			path = discountAppMVC;
			sourceTree = "<group>";
		};
		3E41DBB42D8C745D00A48E5D /* discountAppMVCTests */ = {
			isa = PBXFileSystemSynchronizedRootGroup;
			path = discountAppMVCTests;
			sourceTree = "<group>";
		};
		3E41DBBE2D8C745D00A48E5D /* discountAppMVCUITests */ = {
			isa = PBXFileSystemSynchronizedRootGroup;
			path = discountAppMVCUITests;
			sourceTree = "<group>";
		};
/* End PBXFileSystemSynchronizedRootGroup section */

/* Begin PBXFrameworksBuildPhase section */
		3E41DB982D8C745C00A48E5D /* Frameworks */ = {
			isa = PBXFrameworksBuildPhase;
			buildActionMask = 2147483647;
			files = (
			);
			runOnlyForDeploymentPostprocessing = 0;
		};
		3E41DBAE2D8C745D00A48E5D /* Frameworks */ = {
			isa = PBXFrameworksBuildPhase;
			buildActionMask = 2147483647;
			files = (
			);
			runOnlyForDeploymentPostprocessing = 0;
		};
		3E41DBB82D8C745D00A48E5D /* Frameworks */ = {
			isa = PBXFrameworksBuildPhase;
			buildActionMask = 2147483647;
			files = (
			);
			runOnlyForDeploymentPostprocessing = 0;
		};
/* End PBXFrameworksBuildPhase section */

/* Begin PBXGroup section */
		3E41DB922D8C745C00A48E5D = {
			isa = PBXGroup;
			children = (
				3E41DB9D2D8C745C00A48E5D /* discountAppMVC */,
				3E41DBB42D8C745D00A48E5D /* discountAppMVCTests */,
				3E41DBBE2D8C745D00A48E5D /* discountAppMVCUITests */,
				3E41DB9C2D8C745C00A48E5D /* Products */,
			);
			sourceTree = "<group>";
		};
		3E41DB9C2D8C745C00A48E5D /* Products */ = {
			isa = PBXGroup;
			children = (
				3E41DB9B2D8C745C00A48E5D /* discountAppMVC.app */,
				3E41DBB12D8C745D00A48E5D /* discountAppMVCTests.xctest */,
				3E41DBBB2D8C745D00A48E5D /* discountAppMVCUITests.xctest */,
			);
			name = Products;
			sourceTree = "<group>";
		};
/* End PBXGroup section */

/* Begin PBXNativeTarget section */
		3E41DB9A2D8C745C00A48E5D /* discountAppMVC */ = {
			isa = PBXNativeTarget;
			buildConfigurationList = 3E41DBC42D8C745D00A48E5D /* Build configuration list for PBXNativeTarget "discountAppMVC" */;
			buildPhases = (
				3E41DB972D8C745C00A48E5D /* Sources */,
				3E41DB982D8C745C00A48E5D /* Frameworks */,
				3E41DB992D8C745C00A48E5D /* Resources */,
			);
			buildRules = (
			);
			dependencies = (
			);
			fileSystemSynchronizedGroups = (
				3E41DB9D2D8C745C00A48E5D /* discountAppMVC */,
			);
			name = discountAppMVC;
			packageProductDependencies = (
			);
			productName = discountAppMVC;
			productReference = 3E41DB9B2D8C745C00A48E5D /* discountAppMVC.app */;
			productType = "com.apple.product-type.application";
		};
		3E41DBB02D8C745D00A48E5D /* discountAppMVCTests */ = {
			isa = PBXNativeTarget;
			buildConfigurationList = 3E41DBC92D8C745D00A48E5D /* Build configuration list for PBXNativeTarget "discountAppMVCTests" */;
			buildPhases = (
				3E41DBAD2D8C745D00A48E5D /* Sources */,
				3E41DBAE2D8C745D00A48E5D /* Frameworks */,
				3E41DBAF2D8C745D00A48E5D /* Resources */,
			);
			buildRules = (
			);
			dependencies = (
				3E41DBB32D8C745D00A48E5D /* PBXTargetDependency */,
			);
			fileSystemSynchronizedGroups = (
				3E41DBB42D8C745D00A48E5D /* discountAppMVCTests */,
			);
			name = discountAppMVCTests;
			packageProductDependencies = (
			);
			productName = discountAppMVCTests;
			productReference = 3E41DBB12D8C745D00A48E5D /* discountAppMVCTests.xctest */;
			productType = "com.apple.product-type.bundle.unit-test";
		};
		3E41DBBA2D8C745D00A48E5D /* discountAppMVCUITests */ = {
			isa = PBXNativeTarget;
			buildConfigurationList = 3E41DBCC2D8C745D00A48E5D /* Build configuration list for PBXNativeTarget "discountAppMVCUITests" */;
			buildPhases = (
				3E41DBB72D8C745D00A48E5D /* Sources */,
				3E41DBB82D8C745D00A48E5D /* Frameworks */,
				3E41DBB92D8C745D00A48E5D /* Resources */,
			);
			buildRules = (
			);
			dependencies = (
				3E41DBBD2D8C745D00A48E5D /* PBXTargetDependency */,
			);
			fileSystemSynchronizedGroups = (
				3E41DBBE2D8C745D00A48E5D /* discountAppMVCUITests */,
			);
			name = discountAppMVCUITests;
			packageProductDependencies = (
			);
			productName = discountAppMVCUITests;
			productReference = 3E41DBBB2D8C745D00A48E5D /* discountAppMVCUITests.xctest */;
			productType = "com.apple.product-type.bundle.ui-testing";
		};
/* End PBXNativeTarget section */

/* Begin PBXProject section */
		3E41DB932D8C745C00A48E5D /* Project object */ = {
			isa = PBXProject;
			attributes = {
				BuildIndependentTargetsInParallel = 1;
				LastSwiftUpdateCheck = 1620;
				LastUpgradeCheck = 1620;
				TargetAttributes = {
					3E41DB9A2D8C745C00A48E5D = {
						CreatedOnToolsVersion = 16.2;
					};
					3E41DBB02D8C745D00A48E5D = {
						CreatedOnToolsVersion = 16.2;
						TestTargetID = 3E41DB9A2D8C745C00A48E5D;
					};
					3E41DBBA2D8C745D00A48E5D = {
						CreatedOnToolsVersion = 16.2;
						TestTargetID = 3E41DB9A2D8C745C00A48E5D;
					};
				};
			};
			buildConfigurationList = 3E41DB962D8C745C00A48E5D /* Build configuration list for PBXProject "discountAppMVC" */;
			developmentRegion = en;
			hasScannedForEncodings = 0;
			knownRegions = (
				en,
				Base,
			);
			mainGroup = 3E41DB922D8C745C00A48E5D;
			minimizedProjectReferenceProxies = 1;
			preferredProjectObjectVersion = 77;
			productRefGroup = 3E41DB9C2D8C745C00A48E5D /* Products */;
			projectDirPath = "";
			projectRoot = "";
			targets = (
				3E41DB9A2D8C745C00A48E5D /* discountAppMVC */,
				3E41DBB02D8C745D00A48E5D /* discountAppMVCTests */,
				3E41DBBA2D8C745D00A48E5D /* discountAppMVCUITests */,
			);
		};
/* End PBXProject section */

/* Begin PBXResourcesBuildPhase section */
		3E41DB992D8C745C00A48E5D /* Resources */ = {
			isa = PBXResourcesBuildPhase;
			buildActionMask = 2147483647;
			files = (
			);
			runOnlyForDeploymentPostprocessing = 0;
		};
		3E41DBAF2D8C745D00A48E5D /* Resources */ = {
			isa = PBXResourcesBuildPhase;
			buildActionMask = 2147483647;
			files = (
			);
			runOnlyForDeploymentPostprocessing = 0;
		};
		3E41DBB92D8C745D00A48E5D /* Resources */ = {
			isa = PBXResourcesBuildPhase;
			buildActionMask = 2147483647;
			files = (
			);
			runOnlyForDeploymentPostprocessing = 0;
		};
/* End PBXResourcesBuildPhase section */

/* Begin PBXSourcesBuildPhase section */
		3E41DB972D8C745C00A48E5D /* Sources */ = {
			isa = PBXSourcesBuildPhase;
			buildActionMask = 2147483647;
			files = (
			);
			runOnlyForDeploymentPostprocessing = 0;
		};
		3E41DBAD2D8C745D00A48E5D /* Sources */ = {
			isa = PBXSourcesBuildPhase;
			buildActionMask = 2147483647;
			files = (
			);
			runOnlyForDeploymentPostprocessing = 0;
		};
		3E41DBB72D8C745D00A48E5D /* Sources */ = {
			isa = PBXSourcesBuildPhase;
			buildActionMask = 2147483647;
			files = (
			);
			runOnlyForDeploymentPostprocessing = 0;
		};
/* End PBXSourcesBuildPhase section */

/* Begin PBXTargetDependency section */
		3E41DBB32D8C745D00A48E5D /* PBXTargetDependency */ = {
			isa = PBXTargetDependency;
			target = 3E41DB9A2D8C745C00A48E5D /* discountAppMVC */;
			targetProxy = 3E41DBB22D8C745D00A48E5D /* PBXContainerItemProxy */;
		};
		3E41DBBD2D8C745D00A48E5D /* PBXTargetDependency */ = {
			isa = PBXTargetDependency;
			target = 3E41DB9A2D8C745C00A48E5D /* discountAppMVC */;
			targetProxy = 3E41DBBC2D8C745D00A48E5D /* PBXContainerItemProxy */;
		};
/* End PBXTargetDependency section */

/* Begin XCBuildConfiguration section */
		3E41DBC52D8C745D00A48E5D /* Debug */ = {
			isa = XCBuildConfiguration;
			buildSettings = {
				ASSETCATALOG_COMPILER_APPICON_NAME = AppIcon;
				ASSETCATALOG_COMPILER_GLOBAL_ACCENT_COLOR_NAME = AccentColor;
				CODE_SIGN_STYLE = Automatic;
				CURRENT_PROJECT_VERSION = 1;
				GENERATE_INFOPLIST_FILE = YES;
				INFOPLIST_FILE = discountAppMVC/Info.plist;
				INFOPLIST_KEY_UIApplicationSupportsIndirectInputEvents = YES;
				INFOPLIST_KEY_UILaunchStoryboardName = LaunchScreen;
				INFOPLIST_KEY_UIMainStoryboardFile = Main;
				INFOPLIST_KEY_UISupportedInterfaceOrientations_iPad = "UIInterfaceOrientationPortrait UIInterfaceOrientationPortraitUpsideDown UIInterfaceOrientationLandscapeLeft UIInterfaceOrientationLandscapeRight";
				INFOPLIST_KEY_UISupportedInterfaceOrientations_iPhone = "UIInterfaceOrientationPortrait UIInterfaceOrientationLandscapeLeft UIInterfaceOrientationLandscapeRight";
				IPHONEOS_DEPLOYMENT_TARGET = 15.6;
				LD_RUNPATH_SEARCH_PATHS = (
					"$(inherited)",
					"@executable_path/Frameworks",
				);
				MARKETING_VERSION = 1.0;
				PRODUCT_BUNDLE_IDENTIFIER = nwmsu2025.discountAppMVC;
				PRODUCT_NAME = "$(TARGET_NAME)";
				SWIFT_EMIT_LOC_STRINGS = YES;
				SWIFT_VERSION = 5.0;
				TARGETED_DEVICE_FAMILY = "1,2";
			};
			name = Debug;
		};
		3E41DBC62D8C745D00A48E5D /* Release */ = {
			isa = XCBuildConfiguration;
			buildSettings = {
				ASSETCATALOG_COMPILER_APPICON_NAME = AppIcon;
				ASSETCATALOG_COMPILER_GLOBAL_ACCENT_COLOR_NAME = AccentColor;
				CODE_SIGN_STYLE = Automatic;
				CURRENT_PROJECT_VERSION = 1;
				GENERATE_INFOPLIST_FILE = YES;
				INFOPLIST_FILE = discountAppMVC/Info.plist;
				INFOPLIST_KEY_UIApplicationSupportsIndirectInputEvents = YES;
				INFOPLIST_KEY_UILaunchStoryboardName = LaunchScreen;
				INFOPLIST_KEY_UIMainStoryboardFile = Main;
				INFOPLIST_KEY_UISupportedInterfaceOrientations_iPad = "UIInterfaceOrientationPortrait UIInterfaceOrientationPortraitUpsideDown UIInterfaceOrientationLandscapeLeft UIInterfaceOrientationLandscapeRight";
				INFOPLIST_KEY_UISupportedInterfaceOrientations_iPhone = "UIInterfaceOrientationPortrait UIInterfaceOrientationLandscapeLeft UIInterfaceOrientationLandscapeRight";
				IPHONEOS_DEPLOYMENT_TARGET = 15.6;
				LD_RUNPATH_SEARCH_PATHS = (
					"$(inherited)",
					"@executable_path/Frameworks",
				);
				MARKETING_VERSION = 1.0;
				PRODUCT_BUNDLE_IDENTIFIER = nwmsu2025.discountAppMVC;
				PRODUCT_NAME = "$(TARGET_NAME)";
				SWIFT_EMIT_LOC_STRINGS = YES;
				SWIFT_VERSION = 5.0;
				TARGETED_DEVICE_FAMILY = "1,2";
			};
			name = Release;
		};
		3E41DBC72D8C745D00A48E5D /* Debug */ = {
			isa = XCBuildConfiguration;
			buildSettings = {
				ALWAYS_SEARCH_USER_PATHS = NO;
				ASSETCATALOG_COMPILER_GENERATE_SWIFT_ASSET_SYMBOL_EXTENSIONS = YES;
				CLANG_ANALYZER_NONNULL = YES;
				CLANG_ANALYZER_NUMBER_OBJECT_CONVERSION = YES_AGGRESSIVE;
				CLANG_CXX_LANGUAGE_STANDARD = "gnu++20";
				CLANG_ENABLE_MODULES = YES;
				CLANG_ENABLE_OBJC_ARC = YES;
				CLANG_ENABLE_OBJC_WEAK = YES;
				CLANG_WARN_BLOCK_CAPTURE_AUTORELEASING = YES;
				CLANG_WARN_BOOL_CONVERSION = YES;
				CLANG_WARN_COMMA = YES;
				CLANG_WARN_CONSTANT_CONVERSION = YES;
				CLANG_WARN_DEPRECATED_OBJC_IMPLEMENTATIONS = YES;
				CLANG_WARN_DIRECT_OBJC_ISA_USAGE = YES_ERROR;
				CLANG_WARN_DOCUMENTATION_COMMENTS = YES;
				CLANG_WARN_EMPTY_BODY = YES;
				CLANG_WARN_ENUM_CONVERSION = YES;
				CLANG_WARN_INFINITE_RECURSION = YES;
				CLANG_WARN_INT_CONVERSION = YES;
				CLANG_WARN_NON_LITERAL_NULL_CONVERSION = YES;
				CLANG_WARN_OBJC_IMPLICIT_RETAIN_SELF = YES;
				CLANG_WARN_OBJC_LITERAL_CONVERSION = YES;
				CLANG_WARN_OBJC_ROOT_CLASS = YES_ERROR;
				CLANG_WARN_QUOTED_INCLUDE_IN_FRAMEWORK_HEADER = YES;
				CLANG_WARN_RANGE_LOOP_ANALYSIS = YES;
				CLANG_WARN_STRICT_PROTOTYPES = YES;
				CLANG_WARN_SUSPICIOUS_MOVE = YES;
				CLANG_WARN_UNGUARDED_AVAILABILITY = YES_AGGRESSIVE;
				CLANG_WARN_UNREACHABLE_CODE = YES;
				CLANG_WARN__DUPLICATE_METHOD_MATCH = YES;
				COPY_PHASE_STRIP = NO;
				DEBUG_INFORMATION_FORMAT = dwarf;
				ENABLE_STRICT_OBJC_MSGSEND = YES;
				ENABLE_TESTABILITY = YES;
				ENABLE_USER_SCRIPT_SANDBOXING = YES;
				GCC_C_LANGUAGE_STANDARD = gnu17;
				GCC_DYNAMIC_NO_PIC = NO;
				GCC_NO_COMMON_BLOCKS = YES;
				GCC_OPTIMIZATION_LEVEL = 0;
				GCC_PREPROCESSOR_DEFINITIONS = (
					"DEBUG=1",
					"$(inherited)",
				);
				GCC_WARN_64_TO_32_BIT_CONVERSION = YES;
				GCC_WARN_ABOUT_RETURN_TYPE = YES_ERROR;
				GCC_WARN_UNDECLARED_SELECTOR = YES;
				GCC_WARN_UNINITIALIZED_AUTOS = YES_AGGRESSIVE;
				GCC_WARN_UNUSED_FUNCTION = YES;
				GCC_WARN_UNUSED_VARIABLE = YES;
				IPHONEOS_DEPLOYMENT_TARGET = 18.2;
				LOCALIZATION_PREFERS_STRING_CATALOGS = YES;
				MTL_ENABLE_DEBUG_INFO = INCLUDE_SOURCE;
				MTL_FAST_MATH = YES;
				ONLY_ACTIVE_ARCH = YES;
				SDKROOT = iphoneos;
				SWIFT_ACTIVE_COMPILATION_CONDITIONS = "DEBUG $(inherited)";
				SWIFT_OPTIMIZATION_LEVEL = "-Onone";
			};
			name = Debug;
		};
		3E41DBC82D8C745D00A48E5D /* Release */ = {
			isa = XCBuildConfiguration;
			buildSettings = {
				ALWAYS_SEARCH_USER_PATHS = NO;
				ASSETCATALOG_COMPILER_GENERATE_SWIFT_ASSET_SYMBOL_EXTENSIONS = YES;
				CLANG_ANALYZER_NONNULL = YES;
				CLANG_ANALYZER_NUMBER_OBJECT_CONVERSION = YES_AGGRESSIVE;
				CLANG_CXX_LANGUAGE_STANDARD = "gnu++20";
				CLANG_ENABLE_MODULES = YES;
				CLANG_ENABLE_OBJC_ARC = YES;
				CLANG_ENABLE_OBJC_WEAK = YES;
				CLANG_WARN_BLOCK_CAPTURE_AUTORELEASING = YES;
				CLANG_WARN_BOOL_CONVERSION = YES;
				CLANG_WARN_COMMA = YES;
				CLANG_WARN_CONSTANT_CONVERSION = YES;
				CLANG_WARN_DEPRECATED_OBJC_IMPLEMENTATIONS = YES;
				CLANG_WARN_DIRECT_OBJC_ISA_USAGE = YES_ERROR;
				CLANG_WARN_DOCUMENTATION_COMMENTS = YES;
				CLANG_WARN_EMPTY_BODY = YES;
				CLANG_WARN_ENUM_CONVERSION = YES;
				CLANG_WARN_INFINITE_RECURSION = YES;
				CLANG_WARN_INT_CONVERSION = YES;
				CLANG_WARN_NON_LITERAL_NULL_CONVERSION = YES;
				CLANG_WARN_OBJC_IMPLICIT_RETAIN_SELF = YES;
				CLANG_WARN_OBJC_LITERAL_CONVERSION = YES;
				CLANG_WARN_OBJC_ROOT_CLASS = YES_ERROR;
				CLANG_WARN_QUOTED_INCLUDE_IN_FRAMEWORK_HEADER = YES;
				CLANG_WARN_RANGE_LOOP_ANALYSIS = YES;
				CLANG_WARN_STRICT_PROTOTYPES = YES;
				CLANG_WARN_SUSPICIOUS_MOVE = YES;
				CLANG_WARN_UNGUARDED_AVAILABILITY = YES_AGGRESSIVE;
				CLANG_WARN_UNREACHABLE_CODE = YES;
				CLANG_WARN__DUPLICATE_METHOD_MATCH = YES;
				COPY_PHASE_STRIP = NO;
				DEBUG_INFORMATION_FORMAT = "dwarf-with-dsym";
				ENABLE_NS_ASSERTIONS = NO;
				ENABLE_STRICT_OBJC_MSGSEND = YES;
				ENABLE_USER_SCRIPT_SANDBOXING = YES;
				GCC_C_LANGUAGE_STANDARD = gnu17;
				GCC_NO_COMMON_BLOCKS = YES;
				GCC_WARN_64_TO_32_BIT_CONVERSION = YES;
				GCC_WARN_ABOUT_RETURN_TYPE = YES_ERROR;
				GCC_WARN_UNDECLARED_SELECTOR = YES;
				GCC_WARN_UNINITIALIZED_AUTOS = YES_AGGRESSIVE;
				GCC_WARN_UNUSED_FUNCTION = YES;
				GCC_WARN_UNUSED_VARIABLE = YES;
				IPHONEOS_DEPLOYMENT_TARGET = 18.2;
				LOCALIZATION_PREFERS_STRING_CATALOGS = YES;
				MTL_ENABLE_DEBUG_INFO = NO;
				MTL_FAST_MATH = YES;
				SDKROOT = iphoneos;
				SWIFT_COMPILATION_MODE = wholemodule;
				VALIDATE_PRODUCT = YES;
			};
			name = Release;
		};
		3E41DBCA2D8C745D00A48E5D /* Debug */ = {
			isa = XCBuildConfiguration;
			buildSettings = {
				BUNDLE_LOADER = "$(TEST_HOST)";
				CODE_SIGN_STYLE = Automatic;
				CURRENT_PROJECT_VERSION = 1;
				GENERATE_INFOPLIST_FILE = YES;
				IPHONEOS_DEPLOYMENT_TARGET = 18.2;
				MARKETING_VERSION = 1.0;
				PRODUCT_BUNDLE_IDENTIFIER = nwmsu2025.discountAppMVCTests;
				PRODUCT_NAME = "$(TARGET_NAME)";
				SWIFT_EMIT_LOC_STRINGS = NO;
				SWIFT_VERSION = 5.0;
				TARGETED_DEVICE_FAMILY = "1,2";
				TEST_HOST = "$(BUILT_PRODUCTS_DIR)/discountAppMVC.app/$(BUNDLE_EXECUTABLE_FOLDER_PATH)/discountAppMVC";
			};
			name = Debug;
		};
		3E41DBCB2D8C745D00A48E5D /* Release */ = {
			isa = XCBuildConfiguration;
			buildSettings = {
				BUNDLE_LOADER = "$(TEST_HOST)";
				CODE_SIGN_STYLE = Automatic;
				CURRENT_PROJECT_VERSION = 1;
				GENERATE_INFOPLIST_FILE = YES;
				IPHONEOS_DEPLOYMENT_TARGET = 18.2;
				MARKETING_VERSION = 1.0;
				PRODUCT_BUNDLE_IDENTIFIER = nwmsu2025.discountAppMVCTests;
				PRODUCT_NAME = "$(TARGET_NAME)";
				SWIFT_EMIT_LOC_STRINGS = NO;
				SWIFT_VERSION = 5.0;
				TARGETED_DEVICE_FAMILY = "1,2";
				TEST_HOST = "$(BUILT_PRODUCTS_DIR)/discountAppMVC.app/$(BUNDLE_EXECUTABLE_FOLDER_PATH)/discountAppMVC";
			};
			name = Release;
		};
		3E41DBCD2D8C745D00A48E5D /* Debug */ = {
			isa = XCBuildConfiguration;
			buildSettings = {
				CODE_SIGN_STYLE = Automatic;
				CURRENT_PROJECT_VERSION = 1;
				GENERATE_INFOPLIST_FILE = YES;
				MARKETING_VERSION = 1.0;
				PRODUCT_BUNDLE_IDENTIFIER = nwmsu2025.discountAppMVCUITests;
				PRODUCT_NAME = "$(TARGET_NAME)";
				SWIFT_EMIT_LOC_STRINGS = NO;
				SWIFT_VERSION = 5.0;
				TARGETED_DEVICE_FAMILY = "1,2";
				TEST_TARGET_NAME = discountAppMVC;
			};
			name = Debug;
		};
		3E41DBCE2D8C745D00A48E5D /* Release */ = {
			isa = XCBuildConfiguration;
			buildSettings = {
				CODE_SIGN_STYLE = Automatic;
				CURRENT_PROJECT_VERSION = 1;
				GENERATE_INFOPLIST_FILE = YES;
				MARKETING_VERSION = 1.0;
				PRODUCT_BUNDLE_IDENTIFIER = nwmsu2025.discountAppMVCUITests;
				PRODUCT_NAME = "$(TARGET_NAME)";
				SWIFT_EMIT_LOC_STRINGS = NO;
				SWIFT_VERSION = 5.0;
				TARGETED_DEVICE_FAMILY = "1,2";
				TEST_TARGET_NAME = discountAppMVC;
			};
			name = Release;
		};
/* End XCBuildConfiguration section */

/* Begin XCConfigurationList section */
		3E41DB962D8C745C00A48E5D /* Build configuration list for PBXProject "discountAppMVC" */ = {
			isa = XCConfigurationList;
			buildConfigurations = (
				3E41DBC72D8C745D00A48E5D /* Debug */,
				3E41DBC82D8C745D00A48E5D /* Release */,
			);
			defaultConfigurationIsVisible = 0;
			defaultConfigurationName = Release;
		};
		3E41DBC42D8C745D00A48E5D /* Build configuration list for PBXNativeTarget "discountAppMVC" */ = {
			isa = XCConfigurationList;
			buildConfigurations = (
				3E41DBC52D8C745D00A48E5D /* Debug */,
				3E41DBC62D8C745D00A48E5D /* Release */,
			);
			defaultConfigurationIsVisible = 0;
			defaultConfigurationName = Release;
		};
		3E41DBC92D8C745D00A48E5D /* Build configuration list for PBXNativeTarget "discountAppMVCTests" */ = {
			isa = XCConfigurationList;
			buildConfigurations = (
				3E41DBCA2D8C745D00A48E5D /* Debug */,
				3E41DBCB2D8C745D00A48E5D /* Release */,
			);
			defaultConfigurationIsVisible = 0;
			defaultConfigurationName = Release;
		};
		3E41DBCC2D8C745D00A48E5D /* Build configuration list for PBXNativeTarget "discountAppMVCUITests" */ = {
			isa = XCConfigurationList;
			buildConfigurations = (
				3E41DBCD2D8C745D00A48E5D /* Debug */,
				3E41DBCE2D8C745D00A48E5D /* Release */,
			);
			defaultConfigurationIsVisible = 0;
			defaultConfigurationName = Release;
		};
/* End XCConfigurationList section */
	};
	rootObject = 3E41DB932D8C745C00A48E5D /* Project object */;
}
