// !$*UTF8*$!
{
	archiveVersion = 1;
	classes = {
	};
	objectVersion = 77;
	objects = {

/* Begin PBXContainerItemProxy section */
		8C8EAB772DBBF9340087E495 /* PBXContainerItemProxy */ = {
			isa = PBXContainerItemProxy;
			containerPortal = 8C8EAB582DBBF9330087E495 /* Project object */;
			proxyType = 1;
			remoteGlobalIDString = 8C8EAB5F2DBBF9330087E495;
			remoteInfo = Morgan_MovieApp;
		};
		8C8EAB812DBBF9340087E495 /* PBXContainerItemProxy */ = {
			isa = PBXContainerItemProxy;
			containerPortal = 8C8EAB582DBBF9330087E495 /* Project object */;
			proxyType = 1;
			remoteGlobalIDString = 8C8EAB5F2DBBF9330087E495;
			remoteInfo = Morgan_MovieApp;
		};
/* End PBXContainerItemProxy section */

/* Begin PBXFileReference section */
		8C8EAB602DBBF9330087E495 /* Morgan_MovieApp.app */ = {isa = PBXFileReference; explicitFileType = wrapper.application; includeInIndex = 0; path = Morgan_MovieApp.app; sourceTree = BUILT_PRODUCTS_DIR; };
		8C8EAB762DBBF9340087E495 /* Morgan_MovieAppTests.xctest */ = {isa = PBXFileReference; explicitFileType = wrapper.cfbundle; includeInIndex = 0; path = Morgan_MovieAppTests.xctest; sourceTree = BUILT_PRODUCTS_DIR; };
		8C8EAB802DBBF9340087E495 /* Morgan_MovieAppUITests.xctest */ = {isa = PBXFileReference; explicitFileType = wrapper.cfbundle; includeInIndex = 0; path = Morgan_MovieAppUITests.xctest; sourceTree = BUILT_PRODUCTS_DIR; };
/* End PBXFileReference section */

/* Begin PBXFileSystemSynchronizedBuildFileExceptionSet section */
		8C8EAB882DBBF9340087E495 /* Exceptions for "Morgan_MovieApp" folder in "Morgan_MovieApp" target */ = {
			isa = PBXFileSystemSynchronizedBuildFileExceptionSet;
			membershipExceptions = (
				Info.plist,
			);
			target = 8C8EAB5F2DBBF9330087E495 /* Morgan_MovieApp */;
		};
/* End PBXFileSystemSynchronizedBuildFileExceptionSet section */

/* Begin PBXFileSystemSynchronizedRootGroup section */
		8C8EAB622DBBF9330087E495 /* Morgan_MovieApp */ = {
			isa = PBXFileSystemSynchronizedRootGroup;
			exceptions = (
				8C8EAB882DBBF9340087E495 /* Exceptions for "Morgan_MovieApp" folder in "Morgan_MovieApp" target */,
			);
			path = Morgan_MovieApp;
			sourceTree = "<group>";
		};
		8C8EAB792DBBF9340087E495 /* Morgan_MovieAppTests */ = {
			isa = PBXFileSystemSynchronizedRootGroup;
			path = Morgan_MovieAppTests;
			sourceTree = "<group>";
		};
		8C8EAB832DBBF9340087E495 /* Morgan_MovieAppUITests */ = {
			isa = PBXFileSystemSynchronizedRootGroup;
			path = Morgan_MovieAppUITests;
			sourceTree = "<group>";
		};
/* End PBXFileSystemSynchronizedRootGroup section */

/* Begin PBXFrameworksBuildPhase section */
		8C8EAB5D2DBBF9330087E495 /* Frameworks */ = {
			isa = PBXFrameworksBuildPhase;
			buildActionMask = 2147483647;
			files = (
			);
			runOnlyForDeploymentPostprocessing = 0;
		};
		8C8EAB732DBBF9340087E495 /* Frameworks */ = {
			isa = PBXFrameworksBuildPhase;
			buildActionMask = 2147483647;
			files = (
			);
			runOnlyForDeploymentPostprocessing = 0;
		};
		8C8EAB7D2DBBF9340087E495 /* Frameworks */ = {
			isa = PBXFrameworksBuildPhase;
			buildActionMask = 2147483647;
			files = (
			);
			runOnlyForDeploymentPostprocessing = 0;
		};
/* End PBXFrameworksBuildPhase section */

/* Begin PBXGroup section */
		8C8EAB572DBBF9330087E495 = {
			isa = PBXGroup;
			children = (
				8C8EAB622DBBF9330087E495 /* Morgan_MovieApp */,
				8C8EAB792DBBF9340087E495 /* Morgan_MovieAppTests */,
				8C8EAB832DBBF9340087E495 /* Morgan_MovieAppUITests */,
				8C8EAB612DBBF9330087E495 /* Products */,
			);
			sourceTree = "<group>";
		};
		8C8EAB612DBBF9330087E495 /* Products */ = {
			isa = PBXGroup;
			children = (
				8C8EAB602DBBF9330087E495 /* Morgan_MovieApp.app */,
				8C8EAB762DBBF9340087E495 /* Morgan_MovieAppTests.xctest */,
				8C8EAB802DBBF9340087E495 /* Morgan_MovieAppUITests.xctest */,
			);
			name = Products;
			sourceTree = "<group>";
		};
/* End PBXGroup section */

/* Begin PBXNativeTarget section */
		8C8EAB5F2DBBF9330087E495 /* Morgan_MovieApp */ = {
			isa = PBXNativeTarget;
			buildConfigurationList = 8C8EAB892DBBF9340087E495 /* Build configuration list for PBXNativeTarget "Morgan_MovieApp" */;
			buildPhases = (
				8C8EAB5C2DBBF9330087E495 /* Sources */,
				8C8EAB5D2DBBF9330087E495 /* Frameworks */,
				8C8EAB5E2DBBF9330087E495 /* Resources */,
			);
			buildRules = (
			);
			dependencies = (
			);
			fileSystemSynchronizedGroups = (
				8C8EAB622DBBF9330087E495 /* Morgan_MovieApp */,
			);
			name = Morgan_MovieApp;
			packageProductDependencies = (
			);
			productName = Morgan_MovieApp;
			productReference = 8C8EAB602DBBF9330087E495 /* Morgan_MovieApp.app */;
			productType = "com.apple.product-type.application";
		};
		8C8EAB752DBBF9340087E495 /* Morgan_MovieAppTests */ = {
			isa = PBXNativeTarget;
			buildConfigurationList = 8C8EAB8E2DBBF9340087E495 /* Build configuration list for PBXNativeTarget "Morgan_MovieAppTests" */;
			buildPhases = (
				8C8EAB722DBBF9340087E495 /* Sources */,
				8C8EAB732DBBF9340087E495 /* Frameworks */,
				8C8EAB742DBBF9340087E495 /* Resources */,
			);
			buildRules = (
			);
			dependencies = (
				8C8EAB782DBBF9340087E495 /* PBXTargetDependency */,
			);
			fileSystemSynchronizedGroups = (
				8C8EAB792DBBF9340087E495 /* Morgan_MovieAppTests */,
			);
			name = Morgan_MovieAppTests;
			packageProductDependencies = (
			);
			productName = Morgan_MovieAppTests;
			productReference = 8C8EAB762DBBF9340087E495 /* Morgan_MovieAppTests.xctest */;
			productType = "com.apple.product-type.bundle.unit-test";
		};
		8C8EAB7F2DBBF9340087E495 /* Morgan_MovieAppUITests */ = {
			isa = PBXNativeTarget;
			buildConfigurationList = 8C8EAB912DBBF9340087E495 /* Build configuration list for PBXNativeTarget "Morgan_MovieAppUITests" */;
			buildPhases = (
				8C8EAB7C2DBBF9340087E495 /* Sources */,
				8C8EAB7D2DBBF9340087E495 /* Frameworks */,
				8C8EAB7E2DBBF9340087E495 /* Resources */,
			);
			buildRules = (
			);
			dependencies = (
				8C8EAB822DBBF9340087E495 /* PBXTargetDependency */,
			);
			fileSystemSynchronizedGroups = (
				8C8EAB832DBBF9340087E495 /* Morgan_MovieAppUITests */,
			);
			name = Morgan_MovieAppUITests;
			packageProductDependencies = (
			);
			productName = Morgan_MovieAppUITests;
			productReference = 8C8EAB802DBBF9340087E495 /* Morgan_MovieAppUITests.xctest */;
			productType = "com.apple.product-type.bundle.ui-testing";
		};
/* End PBXNativeTarget section */

/* Begin PBXProject section */
		8C8EAB582DBBF9330087E495 /* Project object */ = {
			isa = PBXProject;
			attributes = {
				BuildIndependentTargetsInParallel = 1;
				LastSwiftUpdateCheck = 1630;
				LastUpgradeCheck = 1630;
				TargetAttributes = {
					8C8EAB5F2DBBF9330087E495 = {
						CreatedOnToolsVersion = 16.3;
					};
					8C8EAB752DBBF9340087E495 = {
						CreatedOnToolsVersion = 16.3;
						TestTargetID = 8C8EAB5F2DBBF9330087E495;
					};
					8C8EAB7F2DBBF9340087E495 = {
						CreatedOnToolsVersion = 16.3;
						TestTargetID = 8C8EAB5F2DBBF9330087E495;
					};
				};
			};
			buildConfigurationList = 8C8EAB5B2DBBF9330087E495 /* Build configuration list for PBXProject "Morgan_MovieApp" */;
			developmentRegion = en;
			hasScannedForEncodings = 0;
			knownRegions = (
				en,
				Base,
			);
			mainGroup = 8C8EAB572DBBF9330087E495;
			minimizedProjectReferenceProxies = 1;
			preferredProjectObjectVersion = 77;
			productRefGroup = 8C8EAB612DBBF9330087E495 /* Products */;
			projectDirPath = "";
			projectRoot = "";
			targets = (
				8C8EAB5F2DBBF9330087E495 /* Morgan_MovieApp */,
				8C8EAB752DBBF9340087E495 /* Morgan_MovieAppTests */,
				8C8EAB7F2DBBF9340087E495 /* Morgan_MovieAppUITests */,
			);
		};
/* End PBXProject section */

/* Begin PBXResourcesBuildPhase section */
		8C8EAB5E2DBBF9330087E495 /* Resources */ = {
			isa = PBXResourcesBuildPhase;
			buildActionMask = 2147483647;
			files = (
			);
			runOnlyForDeploymentPostprocessing = 0;
		};
		8C8EAB742DBBF9340087E495 /* Resources */ = {
			isa = PBXResourcesBuildPhase;
			buildActionMask = 2147483647;
			files = (
			);
			runOnlyForDeploymentPostprocessing = 0;
		};
		8C8EAB7E2DBBF9340087E495 /* Resources */ = {
			isa = PBXResourcesBuildPhase;
			buildActionMask = 2147483647;
			files = (
			);
			runOnlyForDeploymentPostprocessing = 0;
		};
/* End PBXResourcesBuildPhase section */

/* Begin PBXSourcesBuildPhase section */
		8C8EAB5C2DBBF9330087E495 /* Sources */ = {
			isa = PBXSourcesBuildPhase;
			buildActionMask = 2147483647;
			files = (
			);
			runOnlyForDeploymentPostprocessing = 0;
		};
		8C8EAB722DBBF9340087E495 /* Sources */ = {
			isa = PBXSourcesBuildPhase;
			buildActionMask = 2147483647;
			files = (
			);
			runOnlyForDeploymentPostprocessing = 0;
		};
		8C8EAB7C2DBBF9340087E495 /* Sources */ = {
			isa = PBXSourcesBuildPhase;
			buildActionMask = 2147483647;
			files = (
			);
			runOnlyForDeploymentPostprocessing = 0;
		};
/* End PBXSourcesBuildPhase section */

/* Begin PBXTargetDependency section */
		8C8EAB782DBBF9340087E495 /* PBXTargetDependency */ = {
			isa = PBXTargetDependency;
			target = 8C8EAB5F2DBBF9330087E495 /* Morgan_MovieApp */;
			targetProxy = 8C8EAB772DBBF9340087E495 /* PBXContainerItemProxy */;
		};
		8C8EAB822DBBF9340087E495 /* PBXTargetDependency */ = {
			isa = PBXTargetDependency;
			target = 8C8EAB5F2DBBF9330087E495 /* Morgan_MovieApp */;
			targetProxy = 8C8EAB812DBBF9340087E495 /* PBXContainerItemProxy */;
		};
/* End PBXTargetDependency section */

/* Begin XCBuildConfiguration section */
		8C8EAB8A2DBBF9340087E495 /* Debug */ = {
			isa = XCBuildConfiguration;
			buildSettings = {
				ASSETCATALOG_COMPILER_APPICON_NAME = AppIcon;
				ASSETCATALOG_COMPILER_GLOBAL_ACCENT_COLOR_NAME = AccentColor;
				CODE_SIGN_STYLE = Automatic;
				CURRENT_PROJECT_VERSION = 1;
				GENERATE_INFOPLIST_FILE = YES;
				INFOPLIST_FILE = Morgan_MovieApp/Info.plist;
				INFOPLIST_KEY_UIApplicationSupportsIndirectInputEvents = YES;
				INFOPLIST_KEY_UILaunchStoryboardName = LaunchScreen;
				INFOPLIST_KEY_UIMainStoryboardFile = Main;
				INFOPLIST_KEY_UISupportedInterfaceOrientations_iPad = "UIInterfaceOrientationPortrait UIInterfaceOrientationPortraitUpsideDown UIInterfaceOrientationLandscapeLeft UIInterfaceOrientationLandscapeRight";
				INFOPLIST_KEY_UISupportedInterfaceOrientations_iPhone = "UIInterfaceOrientationPortrait UIInterfaceOrientationLandscapeLeft UIInterfaceOrientationLandscapeRight";
				IPHONEOS_DEPLOYMENT_TARGET = 15.6;
				LD_RUNPATH_SEARCH_PATHS = (
					"$(inherited)",
					"@executable_path/Frameworks",
				);
				MARKETING_VERSION = 1.0;
				PRODUCT_BUNDLE_IDENTIFIER = "nwmsu.edu.Morgan-MovieApp";
				PRODUCT_NAME = "$(TARGET_NAME)";
				SWIFT_EMIT_LOC_STRINGS = YES;
				SWIFT_VERSION = 5.0;
				TARGETED_DEVICE_FAMILY = "1,2";
			};
			name = Debug;
		};
		8C8EAB8B2DBBF9340087E495 /* Release */ = {
			isa = XCBuildConfiguration;
			buildSettings = {
				ASSETCATALOG_COMPILER_APPICON_NAME = AppIcon;
				ASSETCATALOG_COMPILER_GLOBAL_ACCENT_COLOR_NAME = AccentColor;
				CODE_SIGN_STYLE = Automatic;
				CURRENT_PROJECT_VERSION = 1;
				GENERATE_INFOPLIST_FILE = YES;
				INFOPLIST_FILE = Morgan_MovieApp/Info.plist;
				INFOPLIST_KEY_UIApplicationSupportsIndirectInputEvents = YES;
				INFOPLIST_KEY_UILaunchStoryboardName = LaunchScreen;
				INFOPLIST_KEY_UIMainStoryboardFile = Main;
				INFOPLIST_KEY_UISupportedInterfaceOrientations_iPad = "UIInterfaceOrientationPortrait UIInterfaceOrientationPortraitUpsideDown UIInterfaceOrientationLandscapeLeft UIInterfaceOrientationLandscapeRight";
				INFOPLIST_KEY_UISupportedInterfaceOrientations_iPhone = "UIInterfaceOrientationPortrait UIInterfaceOrientationLandscapeLeft UIInterfaceOrientationLandscapeRight";
				IPHONEOS_DEPLOYMENT_TARGET = 15.6;
				LD_RUNPATH_SEARCH_PATHS = (
					"$(inherited)",
					"@executable_path/Frameworks",
				);
				MARKETING_VERSION = 1.0;
				PRODUCT_BUNDLE_IDENTIFIER = "nwmsu.edu.Morgan-MovieApp";
				PRODUCT_NAME = "$(TARGET_NAME)";
				SWIFT_EMIT_LOC_STRINGS = YES;
				SWIFT_VERSION = 5.0;
				TARGETED_DEVICE_FAMILY = "1,2";
			};
			name = Release;
		};
		8C8EAB8C2DBBF9340087E495 /* Debug */ = {
			isa = XCBuildConfiguration;
			buildSettings = {
				ALWAYS_SEARCH_USER_PATHS = NO;
				ASSETCATALOG_COMPILER_GENERATE_SWIFT_ASSET_SYMBOL_EXTENSIONS = YES;
				CLANG_ANALYZER_NONNULL = YES;
				CLANG_ANALYZER_NUMBER_OBJECT_CONVERSION = YES_AGGRESSIVE;
				CLANG_CXX_LANGUAGE_STANDARD = "gnu++20";
				CLANG_ENABLE_MODULES = YES;
				CLANG_ENABLE_OBJC_ARC = YES;
				CLANG_ENABLE_OBJC_WEAK = YES;
				CLANG_WARN_BLOCK_CAPTURE_AUTORELEASING = YES;
				CLANG_WARN_BOOL_CONVERSION = YES;
				CLANG_WARN_COMMA = YES;
				CLANG_WARN_CONSTANT_CONVERSION = YES;
				CLANG_WARN_DEPRECATED_OBJC_IMPLEMENTATIONS = YES;
				CLANG_WARN_DIRECT_OBJC_ISA_USAGE = YES_ERROR;
				CLANG_WARN_DOCUMENTATION_COMMENTS = YES;
				CLANG_WARN_EMPTY_BODY = YES;
				CLANG_WARN_ENUM_CONVERSION = YES;
				CLANG_WARN_INFINITE_RECURSION = YES;
				CLANG_WARN_INT_CONVERSION = YES;
				CLANG_WARN_NON_LITERAL_NULL_CONVERSION = YES;
				CLANG_WARN_OBJC_IMPLICIT_RETAIN_SELF = YES;
				CLANG_WARN_OBJC_LITERAL_CONVERSION = YES;
				CLANG_WARN_OBJC_ROOT_CLASS = YES_ERROR;
				CLANG_WARN_QUOTED_INCLUDE_IN_FRAMEWORK_HEADER = YES;
				CLANG_WARN_RANGE_LOOP_ANALYSIS = YES;
				CLANG_WARN_STRICT_PROTOTYPES = YES;
				CLANG_WARN_SUSPICIOUS_MOVE = YES;
				CLANG_WARN_UNGUARDED_AVAILABILITY = YES_AGGRESSIVE;
				CLANG_WARN_UNREACHABLE_CODE = YES;
				CLANG_WARN__DUPLICATE_METHOD_MATCH = YES;
				COPY_PHASE_STRIP = NO;
				DEBUG_INFORMATION_FORMAT = dwarf;
				ENABLE_STRICT_OBJC_MSGSEND = YES;
				ENABLE_TESTABILITY = YES;
				ENABLE_USER_SCRIPT_SANDBOXING = YES;
				GCC_C_LANGUAGE_STANDARD = gnu17;
				GCC_DYNAMIC_NO_PIC = NO;
				GCC_NO_COMMON_BLOCKS = YES;
				GCC_OPTIMIZATION_LEVEL = 0;
				GCC_PREPROCESSOR_DEFINITIONS = (
					"DEBUG=1",
					"$(inherited)",
				);
				GCC_WARN_64_TO_32_BIT_CONVERSION = YES;
				GCC_WARN_ABOUT_RETURN_TYPE = YES_ERROR;
				GCC_WARN_UNDECLARED_SELECTOR = YES;
				GCC_WARN_UNINITIALIZED_AUTOS = YES_AGGRESSIVE;
				GCC_WARN_UNUSED_FUNCTION = YES;
				GCC_WARN_UNUSED_VARIABLE = YES;
				IPHONEOS_DEPLOYMENT_TARGET = 18.4;
				LOCALIZATION_PREFERS_STRING_CATALOGS = YES;
				MTL_ENABLE_DEBUG_INFO = INCLUDE_SOURCE;
				MTL_FAST_MATH = YES;
				ONLY_ACTIVE_ARCH = YES;
				SDKROOT = iphoneos;
				SWIFT_ACTIVE_COMPILATION_CONDITIONS = "DEBUG $(inherited)";
				SWIFT_OPTIMIZATION_LEVEL = "-Onone";
			};
			name = Debug;
		};
		8C8EAB8D2DBBF9340087E495 /* Release */ = {
			isa = XCBuildConfiguration;
			buildSettings = {
				ALWAYS_SEARCH_USER_PATHS = NO;
				ASSETCATALOG_COMPILER_GENERATE_SWIFT_ASSET_SYMBOL_EXTENSIONS = YES;
				CLANG_ANALYZER_NONNULL = YES;
				CLANG_ANALYZER_NUMBER_OBJECT_CONVERSION = YES_AGGRESSIVE;
				CLANG_CXX_LANGUAGE_STANDARD = "gnu++20";
				CLANG_ENABLE_MODULES = YES;
				CLANG_ENABLE_OBJC_ARC = YES;
				CLANG_ENABLE_OBJC_WEAK = YES;
				CLANG_WARN_BLOCK_CAPTURE_AUTORELEASING = YES;
				CLANG_WARN_BOOL_CONVERSION = YES;
				CLANG_WARN_COMMA = YES;
				CLANG_WARN_CONSTANT_CONVERSION = YES;
				CLANG_WARN_DEPRECATED_OBJC_IMPLEMENTATIONS = YES;
				CLANG_WARN_DIRECT_OBJC_ISA_USAGE = YES_ERROR;
				CLANG_WARN_DOCUMENTATION_COMMENTS = YES;
				CLANG_WARN_EMPTY_BODY = YES;
				CLANG_WARN_ENUM_CONVERSION = YES;
				CLANG_WARN_INFINITE_RECURSION = YES;
				CLANG_WARN_INT_CONVERSION = YES;
				CLANG_WARN_NON_LITERAL_NULL_CONVERSION = YES;
				CLANG_WARN_OBJC_IMPLICIT_RETAIN_SELF = YES;
				CLANG_WARN_OBJC_LITERAL_CONVERSION = YES;
				CLANG_WARN_OBJC_ROOT_CLASS = YES_ERROR;
				CLANG_WARN_QUOTED_INCLUDE_IN_FRAMEWORK_HEADER = YES;
				CLANG_WARN_RANGE_LOOP_ANALYSIS = YES;
				CLANG_WARN_STRICT_PROTOTYPES = YES;
				CLANG_WARN_SUSPICIOUS_MOVE = YES;
				CLANG_WARN_UNGUARDED_AVAILABILITY = YES_AGGRESSIVE;
				CLANG_WARN_UNREACHABLE_CODE = YES;
				CLANG_WARN__DUPLICATE_METHOD_MATCH = YES;
				COPY_PHASE_STRIP = NO;
				DEBUG_INFORMATION_FORMAT = "dwarf-with-dsym";
				ENABLE_NS_ASSERTIONS = NO;
				ENABLE_STRICT_OBJC_MSGSEND = YES;
				ENABLE_USER_SCRIPT_SANDBOXING = YES;
				GCC_C_LANGUAGE_STANDARD = gnu17;
				GCC_NO_COMMON_BLOCKS = YES;
				GCC_WARN_64_TO_32_BIT_CONVERSION = YES;
				GCC_WARN_ABOUT_RETURN_TYPE = YES_ERROR;
				GCC_WARN_UNDECLARED_SELECTOR = YES;
				GCC_WARN_UNINITIALIZED_AUTOS = YES_AGGRESSIVE;
				GCC_WARN_UNUSED_FUNCTION = YES;
				GCC_WARN_UNUSED_VARIABLE = YES;
				IPHONEOS_DEPLOYMENT_TARGET = 18.4;
				LOCALIZATION_PREFERS_STRING_CATALOGS = YES;
				MTL_ENABLE_DEBUG_INFO = NO;
				MTL_FAST_MATH = YES;
				SDKROOT = iphoneos;
				SWIFT_COMPILATION_MODE = wholemodule;
				VALIDATE_PRODUCT = YES;
			};
			name = Release;
		};
		8C8EAB8F2DBBF9340087E495 /* Debug */ = {
			isa = XCBuildConfiguration;
			buildSettings = {
				BUNDLE_LOADER = "$(TEST_HOST)";
				CODE_SIGN_STYLE = Automatic;
				CURRENT_PROJECT_VERSION = 1;
				GENERATE_INFOPLIST_FILE = YES;
				IPHONEOS_DEPLOYMENT_TARGET = 18.4;
				MARKETING_VERSION = 1.0;
				PRODUCT_BUNDLE_IDENTIFIER = "nwmsu.edu.Morgan-MovieAppTests";
				PRODUCT_NAME = "$(TARGET_NAME)";
				SWIFT_EMIT_LOC_STRINGS = NO;
				SWIFT_VERSION = 5.0;
				TARGETED_DEVICE_FAMILY = "1,2";
				TEST_HOST = "$(BUILT_PRODUCTS_DIR)/Morgan_MovieApp.app/$(BUNDLE_EXECUTABLE_FOLDER_PATH)/Morgan_MovieApp";
			};
			name = Debug;
		};
		8C8EAB902DBBF9340087E495 /* Release */ = {
			isa = XCBuildConfiguration;
			buildSettings = {
				BUNDLE_LOADER = "$(TEST_HOST)";
				CODE_SIGN_STYLE = Automatic;
				CURRENT_PROJECT_VERSION = 1;
				GENERATE_INFOPLIST_FILE = YES;
				IPHONEOS_DEPLOYMENT_TARGET = 18.4;
				MARKETING_VERSION = 1.0;
				PRODUCT_BUNDLE_IDENTIFIER = "nwmsu.edu.Morgan-MovieAppTests";
				PRODUCT_NAME = "$(TARGET_NAME)";
				SWIFT_EMIT_LOC_STRINGS = NO;
				SWIFT_VERSION = 5.0;
				TARGETED_DEVICE_FAMILY = "1,2";
				TEST_HOST = "$(BUILT_PRODUCTS_DIR)/Morgan_MovieApp.app/$(BUNDLE_EXECUTABLE_FOLDER_PATH)/Morgan_MovieApp";
			};
			name = Release;
		};
		8C8EAB922DBBF9340087E495 /* Debug */ = {
			isa = XCBuildConfiguration;
			buildSettings = {
				CODE_SIGN_STYLE = Automatic;
				CURRENT_PROJECT_VERSION = 1;
				GENERATE_INFOPLIST_FILE = YES;
				MARKETING_VERSION = 1.0;
				PRODUCT_BUNDLE_IDENTIFIER = "nwmsu.edu.Morgan-MovieAppUITests";
				PRODUCT_NAME = "$(TARGET_NAME)";
				SWIFT_EMIT_LOC_STRINGS = NO;
				SWIFT_VERSION = 5.0;
				TARGETED_DEVICE_FAMILY = "1,2";
				TEST_TARGET_NAME = Morgan_MovieApp;
			};
			name = Debug;
		};
		8C8EAB932DBBF9340087E495 /* Release */ = {
			isa = XCBuildConfiguration;
			buildSettings = {
				CODE_SIGN_STYLE = Automatic;
				CURRENT_PROJECT_VERSION = 1;
				GENERATE_INFOPLIST_FILE = YES;
				MARKETING_VERSION = 1.0;
				PRODUCT_BUNDLE_IDENTIFIER = "nwmsu.edu.Morgan-MovieAppUITests";
				PRODUCT_NAME = "$(TARGET_NAME)";
				SWIFT_EMIT_LOC_STRINGS = NO;
				SWIFT_VERSION = 5.0;
				TARGETED_DEVICE_FAMILY = "1,2";
				TEST_TARGET_NAME = Morgan_MovieApp;
			};
			name = Release;
		};
/* End XCBuildConfiguration section */

/* Begin XCConfigurationList section */
		8C8EAB5B2DBBF9330087E495 /* Build configuration list for PBXProject "Morgan_MovieApp" */ = {
			isa = XCConfigurationList;
			buildConfigurations = (
				8C8EAB8C2DBBF9340087E495 /* Debug */,
				8C8EAB8D2DBBF9340087E495 /* Release */,
			);
			defaultConfigurationIsVisible = 0;
			defaultConfigurationName = Release;
		};
		8C8EAB892DBBF9340087E495 /* Build configuration list for PBXNativeTarget "Morgan_MovieApp" */ = {
			isa = XCConfigurationList;
			buildConfigurations = (
				8C8EAB8A2DBBF9340087E495 /* Debug */,
				8C8EAB8B2DBBF9340087E495 /* Release */,
			);
			defaultConfigurationIsVisible = 0;
			defaultConfigurationName = Release;
		};
		8C8EAB8E2DBBF9340087E495 /* Build configuration list for PBXNativeTarget "Morgan_MovieAppTests" */ = {
			isa = XCConfigurationList;
			buildConfigurations = (
				8C8EAB8F2DBBF9340087E495 /* Debug */,
				8C8EAB902DBBF9340087E495 /* Release */,
			);
			defaultConfigurationIsVisible = 0;
			defaultConfigurationName = Release;
		};
		8C8EAB912DBBF9340087E495 /* Build configuration list for PBXNativeTarget "Morgan_MovieAppUITests" */ = {
			isa = XCConfigurationList;
			buildConfigurations = (
				8C8EAB922DBBF9340087E495 /* Debug */,
				8C8EAB932DBBF9340087E495 /* Release */,
			);
			defaultConfigurationIsVisible = 0;
			defaultConfigurationName = Release;
		};
/* End XCConfigurationList section */
	};
	rootObject = 8C8EAB582DBBF9330087E495 /* Project object */;
}
