// !$*UTF8*$!
{
	archiveVersion = 1;
	classes = {
	};
	objectVersion = 77;
	objects = {

/* Begin PBXContainerItemProxy section */
		8CA860882DB05E9600BEF455 /* PBXContainerItemProxy */ = {
			isa = PBXContainerItemProxy;
			containerPortal = 8CA860692DB05E9500BEF455 /* Project object */;
			proxyType = 1;
			remoteGlobalIDString = 8CA860702DB05E9500BEF455;
			remoteInfo = Morgan_TravelBooking;
		};
		8CA860922DB05E9600BEF455 /* PBXContainerItemProxy */ = {
			isa = PBXContainerItemProxy;
			containerPortal = 8CA860692DB05E9500BEF455 /* Project object */;
			proxyType = 1;
			remoteGlobalIDString = 8CA860702DB05E9500BEF455;
			remoteInfo = Morgan_TravelBooking;
		};
/* End PBXContainerItemProxy section */

/* Begin PBXFileReference section */
		8CA860712DB05E9500BEF455 /* Morgan_TravelBooking.app */ = {isa = PBXFileReference; explicitFileType = wrapper.application; includeInIndex = 0; path = Morgan_TravelBooking.app; sourceTree = BUILT_PRODUCTS_DIR; };
		8CA860872DB05E9600BEF455 /* Morgan_TravelBookingTests.xctest */ = {isa = PBXFileReference; explicitFileType = wrapper.cfbundle; includeInIndex = 0; path = Morgan_TravelBookingTests.xctest; sourceTree = BUILT_PRODUCTS_DIR; };
		8CA860912DB05E9600BEF455 /* Morgan_TravelBookingUITests.xctest */ = {isa = PBXFileReference; explicitFileType = wrapper.cfbundle; includeInIndex = 0; path = Morgan_TravelBookingUITests.xctest; sourceTree = BUILT_PRODUCTS_DIR; };
/* End PBXFileReference section */

/* Begin PBXFileSystemSynchronizedBuildFileExceptionSet section */
		8CA860992DB05E9600BEF455 /* Exceptions for "Morgan_TravelBooking" folder in "Morgan_TravelBooking" target */ = {
			isa = PBXFileSystemSynchronizedBuildFileExceptionSet;
			membershipExceptions = (
				Info.plist,
			);
			target = 8CA860702DB05E9500BEF455 /* Morgan_TravelBooking */;
		};
/* End PBXFileSystemSynchronizedBuildFileExceptionSet section */

/* Begin PBXFileSystemSynchronizedRootGroup section */
		8CA860732DB05E9500BEF455 /* Morgan_TravelBooking */ = {
			isa = PBXFileSystemSynchronizedRootGroup;
			exceptions = (
				8CA860992DB05E9600BEF455 /* Exceptions for "Morgan_TravelBooking" folder in "Morgan_TravelBooking" target */,
			);
			path = Morgan_TravelBooking;
			sourceTree = "<group>";
		};
		8CA8608A2DB05E9600BEF455 /* Morgan_TravelBookingTests */ = {
			isa = PBXFileSystemSynchronizedRootGroup;
			path = Morgan_TravelBookingTests;
			sourceTree = "<group>";
		};
		8CA860942DB05E9600BEF455 /* Morgan_TravelBookingUITests */ = {
			isa = PBXFileSystemSynchronizedRootGroup;
			path = Morgan_TravelBookingUITests;
			sourceTree = "<group>";
		};
/* End PBXFileSystemSynchronizedRootGroup section */

/* Begin PBXFrameworksBuildPhase section */
		8CA8606E2DB05E9500BEF455 /* Frameworks */ = {
			isa = PBXFrameworksBuildPhase;
			buildActionMask = 2147483647;
			files = (
			);
			runOnlyForDeploymentPostprocessing = 0;
		};
		8CA860842DB05E9600BEF455 /* Frameworks */ = {
			isa = PBXFrameworksBuildPhase;
			buildActionMask = 2147483647;
			files = (
			);
			runOnlyForDeploymentPostprocessing = 0;
		};
		8CA8608E2DB05E9600BEF455 /* Frameworks */ = {
			isa = PBXFrameworksBuildPhase;
			buildActionMask = 2147483647;
			files = (
			);
			runOnlyForDeploymentPostprocessing = 0;
		};
/* End PBXFrameworksBuildPhase section */

/* Begin PBXGroup section */
		8CA860682DB05E9500BEF455 = {
			isa = PBXGroup;
			children = (
				8CA860732DB05E9500BEF455 /* Morgan_TravelBooking */,
				8CA8608A2DB05E9600BEF455 /* Morgan_TravelBookingTests */,
				8CA860942DB05E9600BEF455 /* Morgan_TravelBookingUITests */,
				8CA860722DB05E9500BEF455 /* Products */,
			);
			sourceTree = "<group>";
		};
		8CA860722DB05E9500BEF455 /* Products */ = {
			isa = PBXGroup;
			children = (
				8CA860712DB05E9500BEF455 /* Morgan_TravelBooking.app */,
				8CA860872DB05E9600BEF455 /* Morgan_TravelBookingTests.xctest */,
				8CA860912DB05E9600BEF455 /* Morgan_TravelBookingUITests.xctest */,
			);
			name = Products;
			sourceTree = "<group>";
		};
/* End PBXGroup section */

/* Begin PBXNativeTarget section */
		8CA860702DB05E9500BEF455 /* Morgan_TravelBooking */ = {
			isa = PBXNativeTarget;
			buildConfigurationList = 8CA8609A2DB05E9600BEF455 /* Build configuration list for PBXNativeTarget "Morgan_TravelBooking" */;
			buildPhases = (
				8CA8606D2DB05E9500BEF455 /* Sources */,
				8CA8606E2DB05E9500BEF455 /* Frameworks */,
				8CA8606F2DB05E9500BEF455 /* Resources */,
			);
			buildRules = (
			);
			dependencies = (
			);
			fileSystemSynchronizedGroups = (
				8CA860732DB05E9500BEF455 /* Morgan_TravelBooking */,
			);
			name = Morgan_TravelBooking;
			packageProductDependencies = (
			);
			productName = Morgan_TravelBooking;
			productReference = 8CA860712DB05E9500BEF455 /* Morgan_TravelBooking.app */;
			productType = "com.apple.product-type.application";
		};
		8CA860862DB05E9600BEF455 /* Morgan_TravelBookingTests */ = {
			isa = PBXNativeTarget;
			buildConfigurationList = 8CA8609F2DB05E9600BEF455 /* Build configuration list for PBXNativeTarget "Morgan_TravelBookingTests" */;
			buildPhases = (
				8CA860832DB05E9600BEF455 /* Sources */,
				8CA860842DB05E9600BEF455 /* Frameworks */,
				8CA860852DB05E9600BEF455 /* Resources */,
			);
			buildRules = (
			);
			dependencies = (
				8CA860892DB05E9600BEF455 /* PBXTargetDependency */,
			);
			fileSystemSynchronizedGroups = (
				8CA8608A2DB05E9600BEF455 /* Morgan_TravelBookingTests */,
			);
			name = Morgan_TravelBookingTests;
			packageProductDependencies = (
			);
			productName = Morgan_TravelBookingTests;
			productReference = 8CA860872DB05E9600BEF455 /* Morgan_TravelBookingTests.xctest */;
			productType = "com.apple.product-type.bundle.unit-test";
		};
		8CA860902DB05E9600BEF455 /* Morgan_TravelBookingUITests */ = {
			isa = PBXNativeTarget;
			buildConfigurationList = 8CA860A22DB05E9600BEF455 /* Build configuration list for PBXNativeTarget "Morgan_TravelBookingUITests" */;
			buildPhases = (
				8CA8608D2DB05E9600BEF455 /* Sources */,
				8CA8608E2DB05E9600BEF455 /* Frameworks */,
				8CA8608F2DB05E9600BEF455 /* Resources */,
			);
			buildRules = (
			);
			dependencies = (
				8CA860932DB05E9600BEF455 /* PBXTargetDependency */,
			);
			fileSystemSynchronizedGroups = (
				8CA860942DB05E9600BEF455 /* Morgan_TravelBookingUITests */,
			);
			name = Morgan_TravelBookingUITests;
			packageProductDependencies = (
			);
			productName = Morgan_TravelBookingUITests;
			productReference = 8CA860912DB05E9600BEF455 /* Morgan_TravelBookingUITests.xctest */;
			productType = "com.apple.product-type.bundle.ui-testing";
		};
/* End PBXNativeTarget section */

/* Begin PBXProject section */
		8CA860692DB05E9500BEF455 /* Project object */ = {
			isa = PBXProject;
			attributes = {
				BuildIndependentTargetsInParallel = 1;
				LastSwiftUpdateCheck = 1630;
				LastUpgradeCheck = 1630;
				TargetAttributes = {
					8CA860702DB05E9500BEF455 = {
						CreatedOnToolsVersion = 16.3;
					};
					8CA860862DB05E9600BEF455 = {
						CreatedOnToolsVersion = 16.3;
						TestTargetID = 8CA860702DB05E9500BEF455;
					};
					8CA860902DB05E9600BEF455 = {
						CreatedOnToolsVersion = 16.3;
						TestTargetID = 8CA860702DB05E9500BEF455;
					};
				};
			};
			buildConfigurationList = 8CA8606C2DB05E9500BEF455 /* Build configuration list for PBXProject "Morgan_TravelBooking" */;
			developmentRegion = en;
			hasScannedForEncodings = 0;
			knownRegions = (
				en,
				Base,
			);
			mainGroup = 8CA860682DB05E9500BEF455;
			minimizedProjectReferenceProxies = 1;
			preferredProjectObjectVersion = 77;
			productRefGroup = 8CA860722DB05E9500BEF455 /* Products */;
			projectDirPath = "";
			projectRoot = "";
			targets = (
				8CA860702DB05E9500BEF455 /* Morgan_TravelBooking */,
				8CA860862DB05E9600BEF455 /* Morgan_TravelBookingTests */,
				8CA860902DB05E9600BEF455 /* Morgan_TravelBookingUITests */,
			);
		};
/* End PBXProject section */

/* Begin PBXResourcesBuildPhase section */
		8CA8606F2DB05E9500BEF455 /* Resources */ = {
			isa = PBXResourcesBuildPhase;
			buildActionMask = 2147483647;
			files = (
			);
			runOnlyForDeploymentPostprocessing = 0;
		};
		8CA860852DB05E9600BEF455 /* Resources */ = {
			isa = PBXResourcesBuildPhase;
			buildActionMask = 2147483647;
			files = (
			);
			runOnlyForDeploymentPostprocessing = 0;
		};
		8CA8608F2DB05E9600BEF455 /* Resources */ = {
			isa = PBXResourcesBuildPhase;
			buildActionMask = 2147483647;
			files = (
			);
			runOnlyForDeploymentPostprocessing = 0;
		};
/* End PBXResourcesBuildPhase section */

/* Begin PBXSourcesBuildPhase section */
		8CA8606D2DB05E9500BEF455 /* Sources */ = {
			isa = PBXSourcesBuildPhase;
			buildActionMask = 2147483647;
			files = (
			);
			runOnlyForDeploymentPostprocessing = 0;
		};
		8CA860832DB05E9600BEF455 /* Sources */ = {
			isa = PBXSourcesBuildPhase;
			buildActionMask = 2147483647;
			files = (
			);
			runOnlyForDeploymentPostprocessing = 0;
		};
		8CA8608D2DB05E9600BEF455 /* Sources */ = {
			isa = PBXSourcesBuildPhase;
			buildActionMask = 2147483647;
			files = (
			);
			runOnlyForDeploymentPostprocessing = 0;
		};
/* End PBXSourcesBuildPhase section */

/* Begin PBXTargetDependency section */
		8CA860892DB05E9600BEF455 /* PBXTargetDependency */ = {
			isa = PBXTargetDependency;
			target = 8CA860702DB05E9500BEF455 /* Morgan_TravelBooking */;
			targetProxy = 8CA860882DB05E9600BEF455 /* PBXContainerItemProxy */;
		};
		8CA860932DB05E9600BEF455 /* PBXTargetDependency */ = {
			isa = PBXTargetDependency;
			target = 8CA860702DB05E9500BEF455 /* Morgan_TravelBooking */;
			targetProxy = 8CA860922DB05E9600BEF455 /* PBXContainerItemProxy */;
		};
/* End PBXTargetDependency section */

/* Begin XCBuildConfiguration section */
		8CA8609B2DB05E9600BEF455 /* Debug */ = {
			isa = XCBuildConfiguration;
			buildSettings = {
				ASSETCATALOG_COMPILER_APPICON_NAME = AppIcon;
				ASSETCATALOG_COMPILER_GLOBAL_ACCENT_COLOR_NAME = AccentColor;
				CODE_SIGN_STYLE = Automatic;
				CURRENT_PROJECT_VERSION = 1;
				GENERATE_INFOPLIST_FILE = YES;
				INFOPLIST_FILE = Morgan_TravelBooking/Info.plist;
				INFOPLIST_KEY_UIApplicationSupportsIndirectInputEvents = YES;
				INFOPLIST_KEY_UILaunchStoryboardName = LaunchScreen;
				INFOPLIST_KEY_UIMainStoryboardFile = Main;
				INFOPLIST_KEY_UISupportedInterfaceOrientations_iPad = "UIInterfaceOrientationPortrait UIInterfaceOrientationPortraitUpsideDown UIInterfaceOrientationLandscapeLeft UIInterfaceOrientationLandscapeRight";
				INFOPLIST_KEY_UISupportedInterfaceOrientations_iPhone = "UIInterfaceOrientationPortrait UIInterfaceOrientationLandscapeLeft UIInterfaceOrientationLandscapeRight";
				IPHONEOS_DEPLOYMENT_TARGET = 15.6;
				LD_RUNPATH_SEARCH_PATHS = (
					"$(inherited)",
					"@executable_path/Frameworks",
				);
				MARKETING_VERSION = 1.0;
				PRODUCT_BUNDLE_IDENTIFIER = "nwmsu.edu.Morgan-TravelBooking";
				PRODUCT_NAME = "$(TARGET_NAME)";
				SWIFT_EMIT_LOC_STRINGS = YES;
				SWIFT_VERSION = 5.0;
				TARGETED_DEVICE_FAMILY = "1,2";
			};
			name = Debug;
		};
		8CA8609C2DB05E9600BEF455 /* Release */ = {
			isa = XCBuildConfiguration;
			buildSettings = {
				ASSETCATALOG_COMPILER_APPICON_NAME = AppIcon;
				ASSETCATALOG_COMPILER_GLOBAL_ACCENT_COLOR_NAME = AccentColor;
				CODE_SIGN_STYLE = Automatic;
				CURRENT_PROJECT_VERSION = 1;
				GENERATE_INFOPLIST_FILE = YES;
				INFOPLIST_FILE = Morgan_TravelBooking/Info.plist;
				INFOPLIST_KEY_UIApplicationSupportsIndirectInputEvents = YES;
				INFOPLIST_KEY_UILaunchStoryboardName = LaunchScreen;
				INFOPLIST_KEY_UIMainStoryboardFile = Main;
				INFOPLIST_KEY_UISupportedInterfaceOrientations_iPad = "UIInterfaceOrientationPortrait UIInterfaceOrientationPortraitUpsideDown UIInterfaceOrientationLandscapeLeft UIInterfaceOrientationLandscapeRight";
				INFOPLIST_KEY_UISupportedInterfaceOrientations_iPhone = "UIInterfaceOrientationPortrait UIInterfaceOrientationLandscapeLeft UIInterfaceOrientationLandscapeRight";
				IPHONEOS_DEPLOYMENT_TARGET = 15.6;
				LD_RUNPATH_SEARCH_PATHS = (
					"$(inherited)",
					"@executable_path/Frameworks",
				);
				MARKETING_VERSION = 1.0;
				PRODUCT_BUNDLE_IDENTIFIER = "nwmsu.edu.Morgan-TravelBooking";
				PRODUCT_NAME = "$(TARGET_NAME)";
				SWIFT_EMIT_LOC_STRINGS = YES;
				SWIFT_VERSION = 5.0;
				TARGETED_DEVICE_FAMILY = "1,2";
			};
			name = Release;
		};
		8CA8609D2DB05E9600BEF455 /* Debug */ = {
			isa = XCBuildConfiguration;
			buildSettings = {
				ALWAYS_SEARCH_USER_PATHS = NO;
				ASSETCATALOG_COMPILER_GENERATE_SWIFT_ASSET_SYMBOL_EXTENSIONS = YES;
				CLANG_ANALYZER_NONNULL = YES;
				CLANG_ANALYZER_NUMBER_OBJECT_CONVERSION = YES_AGGRESSIVE;
				CLANG_CXX_LANGUAGE_STANDARD = "gnu++20";
				CLANG_ENABLE_MODULES = YES;
				CLANG_ENABLE_OBJC_ARC = YES;
				CLANG_ENABLE_OBJC_WEAK = YES;
				CLANG_WARN_BLOCK_CAPTURE_AUTORELEASING = YES;
				CLANG_WARN_BOOL_CONVERSION = YES;
				CLANG_WARN_COMMA = YES;
				CLANG_WARN_CONSTANT_CONVERSION = YES;
				CLANG_WARN_DEPRECATED_OBJC_IMPLEMENTATIONS = YES;
				CLANG_WARN_DIRECT_OBJC_ISA_USAGE = YES_ERROR;
				CLANG_WARN_DOCUMENTATION_COMMENTS = YES;
				CLANG_WARN_EMPTY_BODY = YES;
				CLANG_WARN_ENUM_CONVERSION = YES;
				CLANG_WARN_INFINITE_RECURSION = YES;
				CLANG_WARN_INT_CONVERSION = YES;
				CLANG_WARN_NON_LITERAL_NULL_CONVERSION = YES;
				CLANG_WARN_OBJC_IMPLICIT_RETAIN_SELF = YES;
				CLANG_WARN_OBJC_LITERAL_CONVERSION = YES;
				CLANG_WARN_OBJC_ROOT_CLASS = YES_ERROR;
				CLANG_WARN_QUOTED_INCLUDE_IN_FRAMEWORK_HEADER = YES;
				CLANG_WARN_RANGE_LOOP_ANALYSIS = YES;
				CLANG_WARN_STRICT_PROTOTYPES = YES;
				CLANG_WARN_SUSPICIOUS_MOVE = YES;
				CLANG_WARN_UNGUARDED_AVAILABILITY = YES_AGGRESSIVE;
				CLANG_WARN_UNREACHABLE_CODE = YES;
				CLANG_WARN__DUPLICATE_METHOD_MATCH = YES;
				COPY_PHASE_STRIP = NO;
				DEBUG_INFORMATION_FORMAT = dwarf;
				ENABLE_STRICT_OBJC_MSGSEND = YES;
				ENABLE_TESTABILITY = YES;
				ENABLE_USER_SCRIPT_SANDBOXING = YES;
				GCC_C_LANGUAGE_STANDARD = gnu17;
				GCC_DYNAMIC_NO_PIC = NO;
				GCC_NO_COMMON_BLOCKS = YES;
				GCC_OPTIMIZATION_LEVEL = 0;
				GCC_PREPROCESSOR_DEFINITIONS = (
					"DEBUG=1",
					"$(inherited)",
				);
				GCC_WARN_64_TO_32_BIT_CONVERSION = YES;
				GCC_WARN_ABOUT_RETURN_TYPE = YES_ERROR;
				GCC_WARN_UNDECLARED_SELECTOR = YES;
				GCC_WARN_UNINITIALIZED_AUTOS = YES_AGGRESSIVE;
				GCC_WARN_UNUSED_FUNCTION = YES;
				GCC_WARN_UNUSED_VARIABLE = YES;
				IPHONEOS_DEPLOYMENT_TARGET = 18.4;
				LOCALIZATION_PREFERS_STRING_CATALOGS = YES;
				MTL_ENABLE_DEBUG_INFO = INCLUDE_SOURCE;
				MTL_FAST_MATH = YES;
				ONLY_ACTIVE_ARCH = YES;
				SDKROOT = iphoneos;
				SWIFT_ACTIVE_COMPILATION_CONDITIONS = "DEBUG $(inherited)";
				SWIFT_OPTIMIZATION_LEVEL = "-Onone";
			};
			name = Debug;
		};
		8CA8609E2DB05E9600BEF455 /* Release */ = {
			isa = XCBuildConfiguration;
			buildSettings = {
				ALWAYS_SEARCH_USER_PATHS = NO;
				ASSETCATALOG_COMPILER_GENERATE_SWIFT_ASSET_SYMBOL_EXTENSIONS = YES;
				CLANG_ANALYZER_NONNULL = YES;
				CLANG_ANALYZER_NUMBER_OBJECT_CONVERSION = YES_AGGRESSIVE;
				CLANG_CXX_LANGUAGE_STANDARD = "gnu++20";
				CLANG_ENABLE_MODULES = YES;
				CLANG_ENABLE_OBJC_ARC = YES;
				CLANG_ENABLE_OBJC_WEAK = YES;
				CLANG_WARN_BLOCK_CAPTURE_AUTORELEASING = YES;
				CLANG_WARN_BOOL_CONVERSION = YES;
				CLANG_WARN_COMMA = YES;
				CLANG_WARN_CONSTANT_CONVERSION = YES;
				CLANG_WARN_DEPRECATED_OBJC_IMPLEMENTATIONS = YES;
				CLANG_WARN_DIRECT_OBJC_ISA_USAGE = YES_ERROR;
				CLANG_WARN_DOCUMENTATION_COMMENTS = YES;
				CLANG_WARN_EMPTY_BODY = YES;
				CLANG_WARN_ENUM_CONVERSION = YES;
				CLANG_WARN_INFINITE_RECURSION = YES;
				CLANG_WARN_INT_CONVERSION = YES;
				CLANG_WARN_NON_LITERAL_NULL_CONVERSION = YES;
				CLANG_WARN_OBJC_IMPLICIT_RETAIN_SELF = YES;
				CLANG_WARN_OBJC_LITERAL_CONVERSION = YES;
				CLANG_WARN_OBJC_ROOT_CLASS = YES_ERROR;
				CLANG_WARN_QUOTED_INCLUDE_IN_FRAMEWORK_HEADER = YES;
				CLANG_WARN_RANGE_LOOP_ANALYSIS = YES;
				CLANG_WARN_STRICT_PROTOTYPES = YES;
				CLANG_WARN_SUSPICIOUS_MOVE = YES;
				CLANG_WARN_UNGUARDED_AVAILABILITY = YES_AGGRESSIVE;
				CLANG_WARN_UNREACHABLE_CODE = YES;
				CLANG_WARN__DUPLICATE_METHOD_MATCH = YES;
				COPY_PHASE_STRIP = NO;
				DEBUG_INFORMATION_FORMAT = "dwarf-with-dsym";
				ENABLE_NS_ASSERTIONS = NO;
				ENABLE_STRICT_OBJC_MSGSEND = YES;
				ENABLE_USER_SCRIPT_SANDBOXING = YES;
				GCC_C_LANGUAGE_STANDARD = gnu17;
				GCC_NO_COMMON_BLOCKS = YES;
				GCC_WARN_64_TO_32_BIT_CONVERSION = YES;
				GCC_WARN_ABOUT_RETURN_TYPE = YES_ERROR;
				GCC_WARN_UNDECLARED_SELECTOR = YES;
				GCC_WARN_UNINITIALIZED_AUTOS = YES_AGGRESSIVE;
				GCC_WARN_UNUSED_FUNCTION = YES;
				GCC_WARN_UNUSED_VARIABLE = YES;
				IPHONEOS_DEPLOYMENT_TARGET = 18.4;
				LOCALIZATION_PREFERS_STRING_CATALOGS = YES;
				MTL_ENABLE_DEBUG_INFO = NO;
				MTL_FAST_MATH = YES;
				SDKROOT = iphoneos;
				SWIFT_COMPILATION_MODE = wholemodule;
				VALIDATE_PRODUCT = YES;
			};
			name = Release;
		};
		8CA860A02DB05E9600BEF455 /* Debug */ = {
			isa = XCBuildConfiguration;
			buildSettings = {
				BUNDLE_LOADER = "$(TEST_HOST)";
				CODE_SIGN_STYLE = Automatic;
				CURRENT_PROJECT_VERSION = 1;
				GENERATE_INFOPLIST_FILE = YES;
				IPHONEOS_DEPLOYMENT_TARGET = 18.4;
				MARKETING_VERSION = 1.0;
				PRODUCT_BUNDLE_IDENTIFIER = "nwmsu.edu.Morgan-TravelBookingTests";
				PRODUCT_NAME = "$(TARGET_NAME)";
				SWIFT_EMIT_LOC_STRINGS = NO;
				SWIFT_VERSION = 5.0;
				TARGETED_DEVICE_FAMILY = "1,2";
				TEST_HOST = "$(BUILT_PRODUCTS_DIR)/Morgan_TravelBooking.app/$(BUNDLE_EXECUTABLE_FOLDER_PATH)/Morgan_TravelBooking";
			};
			name = Debug;
		};
		8CA860A12DB05E9600BEF455 /* Release */ = {
			isa = XCBuildConfiguration;
			buildSettings = {
				BUNDLE_LOADER = "$(TEST_HOST)";
				CODE_SIGN_STYLE = Automatic;
				CURRENT_PROJECT_VERSION = 1;
				GENERATE_INFOPLIST_FILE = YES;
				IPHONEOS_DEPLOYMENT_TARGET = 18.4;
				MARKETING_VERSION = 1.0;
				PRODUCT_BUNDLE_IDENTIFIER = "nwmsu.edu.Morgan-TravelBookingTests";
				PRODUCT_NAME = "$(TARGET_NAME)";
				SWIFT_EMIT_LOC_STRINGS = NO;
				SWIFT_VERSION = 5.0;
				TARGETED_DEVICE_FAMILY = "1,2";
				TEST_HOST = "$(BUILT_PRODUCTS_DIR)/Morgan_TravelBooking.app/$(BUNDLE_EXECUTABLE_FOLDER_PATH)/Morgan_TravelBooking";
			};
			name = Release;
		};
		8CA860A32DB05E9600BEF455 /* Debug */ = {
			isa = XCBuildConfiguration;
			buildSettings = {
				CODE_SIGN_STYLE = Automatic;
				CURRENT_PROJECT_VERSION = 1;
				GENERATE_INFOPLIST_FILE = YES;
				MARKETING_VERSION = 1.0;
				PRODUCT_BUNDLE_IDENTIFIER = "nwmsu.edu.Morgan-TravelBookingUITests";
				PRODUCT_NAME = "$(TARGET_NAME)";
				SWIFT_EMIT_LOC_STRINGS = NO;
				SWIFT_VERSION = 5.0;
				TARGETED_DEVICE_FAMILY = "1,2";
				TEST_TARGET_NAME = Morgan_TravelBooking;
			};
			name = Debug;
		};
		8CA860A42DB05E9600BEF455 /* Release */ = {
			isa = XCBuildConfiguration;
			buildSettings = {
				CODE_SIGN_STYLE = Automatic;
				CURRENT_PROJECT_VERSION = 1;
				GENERATE_INFOPLIST_FILE = YES;
				MARKETING_VERSION = 1.0;
				PRODUCT_BUNDLE_IDENTIFIER = "nwmsu.edu.Morgan-TravelBookingUITests";
				PRODUCT_NAME = "$(TARGET_NAME)";
				SWIFT_EMIT_LOC_STRINGS = NO;
				SWIFT_VERSION = 5.0;
				TARGETED_DEVICE_FAMILY = "1,2";
				TEST_TARGET_NAME = Morgan_TravelBooking;
			};
			name = Release;
		};
/* End XCBuildConfiguration section */

/* Begin XCConfigurationList section */
		8CA8606C2DB05E9500BEF455 /* Build configuration list for PBXProject "Morgan_TravelBooking" */ = {
			isa = XCConfigurationList;
			buildConfigurations = (
				8CA8609D2DB05E9600BEF455 /* Debug */,
				8CA8609E2DB05E9600BEF455 /* Release */,
			);
			defaultConfigurationIsVisible = 0;
			defaultConfigurationName = Release;
		};
		8CA8609A2DB05E9600BEF455 /* Build configuration list for PBXNativeTarget "Morgan_TravelBooking" */ = {
			isa = XCConfigurationList;
			buildConfigurations = (
				8CA8609B2DB05E9600BEF455 /* Debug */,
				8CA8609C2DB05E9600BEF455 /* Release */,
			);
			defaultConfigurationIsVisible = 0;
			defaultConfigurationName = Release;
		};
		8CA8609F2DB05E9600BEF455 /* Build configuration list for PBXNativeTarget "Morgan_TravelBookingTests" */ = {
			isa = XCConfigurationList;
			buildConfigurations = (
				8CA860A02DB05E9600BEF455 /* Debug */,
				8CA860A12DB05E9600BEF455 /* Release */,
			);
			defaultConfigurationIsVisible = 0;
			defaultConfigurationName = Release;
		};
		8CA860A22DB05E9600BEF455 /* Build configuration list for PBXNativeTarget "Morgan_TravelBookingUITests" */ = {
			isa = XCConfigurationList;
			buildConfigurations = (
				8CA860A32DB05E9600BEF455 /* Debug */,
				8CA860A42DB05E9600BEF455 /* Release */,
			);
			defaultConfigurationIsVisible = 0;
			defaultConfigurationName = Release;
		};
/* End XCConfigurationList section */
	};
	rootObject = 8CA860692DB05E9500BEF455 /* Project object */;
}
